// !$*UTF8*$!
{
	archiveVersion = 1;
	classes = {
	};
	objectVersion = 46;
	objects = {

/* Begin PBXBuildFile section */
		F8BA40E41F8ED6A00022718C /* AppDelegate.swift in Sources */ = {isa = PBXBuildFile; fileRef = F8BA40E31F8ED6A00022718C /* AppDelegate.swift */; };
		F8BA40E61F8ED6A00022718C /* ViewController.swift in Sources */ = {isa = PBXBuildFile; fileRef = F8BA40E51F8ED6A00022718C /* ViewController.swift */; };
		F8BA40E91F8ED6A00022718C /* Main.storyboard in Resources */ = {isa = PBXBuildFile; fileRef = F8BA40E71F8ED6A00022718C /* Main.storyboard */; };
		F8BA40EB1F8ED6A00022718C /* Assets.xcassets in Resources */ = {isa = PBXBuildFile; fileRef = F8BA40EA1F8ED6A00022718C /* Assets.xcassets */; };
		F8BA40EE1F8ED6A00022718C /* LaunchScreen.storyboard in Resources */ = {isa = PBXBuildFile; fileRef = F8BA40EC1F8ED6A00022718C /* LaunchScreen.storyboard */; };
/* End PBXBuildFile section */

/* Begin PBXFileReference section */
		F8BA40E01F8ED6A00022718C /* MAPD-F2017-Lesson6.app */ = {isa = PBXFileReference; explicitFileType = wrapper.application; includeInIndex = 0; path = "MAPD-F2017-Lesson6.app"; sourceTree = BUILT_PRODUCTS_DIR; };
		F8BA40E31F8ED6A00022718C /* AppDelegate.swift */ = {isa = PBXFileReference; lastKnownFileType = sourcecode.swift; path = AppDelegate.swift; sourceTree = "<group>"; };
		F8BA40E51F8ED6A00022718C /* ViewController.swift */ = {isa = PBXFileReference; lastKnownFileType = sourcecode.swift; path = ViewController.swift; sourceTree = "<group>"; };
		F8BA40E81F8ED6A00022718C /* Base */ = {isa = PBXFileReference; lastKnownFileType = file.storyboard; name = Base; path = Base.lproj/Main.storyboard; sourceTree = "<group>"; };
		F8BA40EA1F8ED6A00022718C /* Assets.xcassets */ = {isa = PBXFileReference; lastKnownFileType = folder.assetcatalog; path = Assets.xcassets; sourceTree = "<group>"; };
		F8BA40ED1F8ED6A00022718C /* Base */ = {isa = PBXFileReference; lastKnownFileType = file.storyboard; name = Base; path = Base.lproj/LaunchScreen.storyboard; sourceTree = "<group>"; };
		F8BA40EF1F8ED6A00022718C /* Info.plist */ = {isa = PBXFileReference; lastKnownFileType = text.plist.xml; path = Info.plist; sourceTree = "<group>"; };
/* End PBXFileReference section */

/* Begin PBXFrameworksBuildPhase section */
		F8BA40DD1F8ED6A00022718C /* Frameworks */ = {
			isa = PBXFrameworksBuildPhase;
			buildActionMask = 2147483647;
			files = (
			);
			runOnlyForDeploymentPostprocessing = 0;
		};
/* End PBXFrameworksBuildPhase section */

/* Begin PBXGroup section */
		F8BA40D71F8ED6A00022718C = {
			isa = PBXGroup;
			children = (
				F8BA40E21F8ED6A00022718C /* MAPD-F2017-Lesson6 */,
				F8BA40E11F8ED6A00022718C /* Products */,
			);
			sourceTree = "<group>";
		};
		F8BA40E11F8ED6A00022718C /* Products */ = {
			isa = PBXGroup;
			children = (
				F8BA40E01F8ED6A00022718C /* MAPD-F2017-Lesson6.app */,
			);
			name = Products;
			sourceTree = "<group>";
		};
		F8BA40E21F8ED6A00022718C /* MAPD-F2017-Lesson6 */ = {
			isa = PBXGroup;
			children = (
				F8BA40E31F8ED6A00022718C /* AppDelegate.swift */,
				F8BA40E51F8ED6A00022718C /* ViewController.swift */,
				F8BA40E71F8ED6A00022718C /* Main.storyboard */,
				F8BA40EA1F8ED6A00022718C /* Assets.xcassets */,
				F8BA40EC1F8ED6A00022718C /* LaunchScreen.storyboard */,
				F8BA40EF1F8ED6A00022718C /* Info.plist */,
			);
			path = "MAPD-F2017-Lesson6";
			sourceTree = "<group>";
		};
/* End PBXGroup section */

/* Begin PBXNativeTarget section */
		F8BA40DF1F8ED6A00022718C /* MAPD-F2017-Lesson6 */ = {
			isa = PBXNativeTarget;
			buildConfigurationList = F8BA40F21F8ED6A00022718C /* Build configuration list for PBXNativeTarget "MAPD-F2017-Lesson6" */;
			buildPhases = (
				F8BA40DC1F8ED6A00022718C /* Sources */,
				F8BA40DD1F8ED6A00022718C /* Frameworks */,
				F8BA40DE1F8ED6A00022718C /* Resources */,
			);
			buildRules = (
			);
			dependencies = (
			);
			name = "MAPD-F2017-Lesson6";
			productName = "MAPD-F2017-Lesson6";
			productReference = F8BA40E01F8ED6A00022718C /* MAPD-F2017-Lesson6.app */;
			productType = "com.apple.product-type.application";
		};
/* End PBXNativeTarget section */

/* Begin PBXProject section */
		F8BA40D81F8ED6A00022718C /* Project object */ = {
			isa = PBXProject;
			attributes = {
				LastSwiftUpdateCheck = 0830;
				LastUpgradeCheck = 0830;
				ORGANIZATIONNAME = "Stonned Dwarfs";
				TargetAttributes = {
					F8BA40DF1F8ED6A00022718C = {
						CreatedOnToolsVersion = 8.3.3;
						ProvisioningStyle = Automatic;
					};
				};
			};
			buildConfigurationList = F8BA40DB1F8ED6A00022718C /* Build configuration list for PBXProject "MAPD-F2017-Lesson6" */;
			compatibilityVersion = "Xcode 3.2";
			developmentRegion = English;
			hasScannedForEncodings = 0;
			knownRegions = (
				en,
				Base,
			);
			mainGroup = F8BA40D71F8ED6A00022718C;
			productRefGroup = F8BA40E11F8ED6A00022718C /* Products */;
			projectDirPath = "";
			projectRoot = "";
			targets = (
				F8BA40DF1F8ED6A00022718C /* MAPD-F2017-Lesson6 */,
			);
		};
/* End PBXProject section */

/* Begin PBXResourcesBuildPhase section */
		F8BA40DE1F8ED6A00022718C /* Resources */ = {
			isa = PBXResourcesBuildPhase;
			buildActionMask = 2147483647;
			files = (
				F8BA40EE1F8ED6A00022718C /* LaunchScreen.storyboard in Resources */,
				F8BA40EB1F8ED6A00022718C /* Assets.xcassets in Resources */,
				F8BA40E91F8ED6A00022718C /* Main.storyboard in Resources */,
			);
			runOnlyForDeploymentPostprocessing = 0;
		};
/* End PBXResourcesBuildPhase section */

/* Begin PBXSourcesBuildPhase section */
		F8BA40DC1F8ED6A00022718C /* Sources */ = {
			isa = PBXSourcesBuildPhase;
			buildActionMask = 2147483647;
			files = (
				F8BA40E61F8ED6A00022718C /* ViewController.swift in Sources */,
				F8BA40E41F8ED6A00022718C /* AppDelegate.swift in Sources */,
			);
			runOnlyForDeploymentPostprocessing = 0;
		};
/* End PBXSourcesBuildPhase section */

/* Begin PBXVariantGroup section */
		F8BA40E71F8ED6A00022718C /* Main.storyboard */ = {
			isa = PBXVariantGroup;
			children = (
				F8BA40E81F8ED6A00022718C /* Base */,
			);
			name = Main.storyboard;
			sourceTree = "<group>";
		};
		F8BA40EC1F8ED6A00022718C /* LaunchScreen.storyboard */ = {
			isa = PBXVariantGroup;
			children = (
				F8BA40ED1F8ED6A00022718C /* Base */,
			);
			name = LaunchScreen.storyboard;
			sourceTree = "<group>";
		};
/* End PBXVariantGroup section */

/* Begin XCBuildConfiguration section */
		F8BA40F01F8ED6A00022718C /* Debug */ = {
			isa = XCBuildConfiguration;
			buildSettings = {
				ALWAYS_SEARCH_USER_PATHS = NO;
				CLANG_ANALYZER_NONNULL = YES;
				CLANG_ANALYZER_NUMBER_OBJECT_CONVERSION = YES_AGGRESSIVE;
				CLANG_CXX_LANGUAGE_STANDARD = "gnu++0x";
				CLANG_CXX_LIBRARY = "libc++";
				CLANG_ENABLE_MODULES = YES;
				CLANG_ENABLE_OBJC_ARC = YES;
				CLANG_WARN_BOOL_CONVERSION = YES;
				CLANG_WARN_CONSTANT_CONVERSION = YES;
				CLANG_WARN_DIRECT_OBJC_ISA_USAGE = YES_ERROR;
				CLANG_WARN_DOCUMENTATION_COMMENTS = YES;
				CLANG_WARN_EMPTY_BODY = YES;
				CLANG_WARN_ENUM_CONVERSION = YES;
				CLANG_WARN_INFINITE_RECURSION = YES;
				CLANG_WARN_INT_CONVERSION = YES;
				CLANG_WARN_OBJC_ROOT_CLASS = YES_ERROR;
				CLANG_WARN_SUSPICIOUS_MOVE = YES;
				CLANG_WARN_UNREACHABLE_CODE = YES;
				CLANG_WARN__DUPLICATE_METHOD_MATCH = YES;
				"CODE_SIGN_IDENTITY[sdk=iphoneos*]" = "iPhone Developer";
				COPY_PHASE_STRIP = NO;
				DEBUG_INFORMATION_FORMAT = dwarf;
				ENABLE_STRICT_OBJC_MSGSEND = YES;
				ENABLE_TESTABILITY = YES;
				GCC_C_LANGUAGE_STANDARD = gnu99;
				GCC_DYNAMIC_NO_PIC = NO;
				GCC_NO_COMMON_BLOCKS = YES;
				GCC_OPTIMIZATION_LEVEL = 0;
				GCC_PREPROCESSOR_DEFINITIONS = (
					"DEBUG=1",
					"$(inherited)",
				);
				GCC_WARN_64_TO_32_BIT_CONVERSION = YES;
				GCC_WARN_ABOUT_RETURN_TYPE = YES_ERROR;
				GCC_WARN_UNDECLARED_SELECTOR = YES;
				GCC_WARN_UNINITIALIZED_AUTOS = YES_AGGRESSIVE;
				GCC_WARN_UNUSED_FUNCTION = YES;
				GCC_WARN_UNUSED_VARIABLE = YES;
				IPHONEOS_DEPLOYMENT_TARGET = 10.3;
				MTL_ENABLE_DEBUG_INFO = YES;
				ONLY_ACTIVE_ARCH = YES;
				SDKROOT = iphoneos;
				SWIFT_ACTIVE_COMPILATION_CONDITIONS = DEBUG;
				SWIFT_OPTIMIZATION_LEVEL = "-Onone";
				TARGETED_DEVICE_FAMILY = "1,2";
			};
			name = Debug;
		};
		F8BA40F11F8ED6A00022718C /* Release */ = {
			isa = XCBuildConfiguration;
			buildSettings = {
				ALWAYS_SEARCH_USER_PATHS = NO;
				CLANG_ANALYZER_NONNULL = YES;
				CLANG_ANALYZER_NUMBER_OBJECT_CONVERSION = YES_AGGRESSIVE;
				CLANG_CXX_LANGUAGE_STANDARD = "gnu++0x";
				CLANG_CXX_LIBRARY = "libc++";
				CLANG_ENABLE_MODULES = YES;
				CLANG_ENABLE_OBJC_ARC = YES;
				CLANG_WARN_BOOL_CONVERSION = YES;
				CLANG_WARN_CONSTANT_CONVERSION = YES;
				CLANG_WARN_DIRECT_OBJC_ISA_USAGE = YES_ERROR;
				CLANG_WARN_DOCUMENTATION_COMMENTS = YES;
				CLANG_WARN_EMPTY_BODY = YES;
				CLANG_WARN_ENUM_CONVERSION = YES;
				CLANG_WARN_INFINITE_RECURSION = YES;
				CLANG_WARN_INT_CONVERSION = YES;
				CLANG_WARN_OBJC_ROOT_CLASS = YES_ERROR;
				CLANG_WARN_SUSPICIOUS_MOVE = YES;
				CLANG_WARN_UNREACHABLE_CODE = YES;
				CLANG_WARN__DUPLICATE_METHOD_MATCH = YES;
				"CODE_SIGN_IDENTITY[sdk=iphoneos*]" = "iPhone Developer";
				COPY_PHASE_STRIP = NO;
				DEBUG_INFORMATION_FORMAT = "dwarf-with-dsym";
				ENABLE_NS_ASSERTIONS = NO;
				ENABLE_STRICT_OBJC_MSGSEND = YES;
				GCC_C_LANGUAGE_STANDARD = gnu99;
				GCC_NO_COMMON_BLOCKS = YES;
				GCC_WARN_64_TO_32_BIT_CONVERSION = YES;
				GCC_WARN_ABOUT_RETURN_TYPE = YES_ERROR;
				GCC_WARN_UNDECLARED_SELECTOR = YES;
				GCC_WARN_UNINITIALIZED_AUTOS = YES_AGGRESSIVE;
				GCC_WARN_UNUSED_FUNCTION = YES;
				GCC_WARN_UNUSED_VARIABLE = YES;
				IPHONEOS_DEPLOYMENT_TARGET = 10.3;
				MTL_ENABLE_DEBUG_INFO = NO;
				SDKROOT = iphoneos;
				SWIFT_OPTIMIZATION_LEVEL = "-Owholemodule";
				TARGETED_DEVICE_FAMILY = "1,2";
				VALIDATE_PRODUCT = YES;
			};
			name = Release;
		};
		F8BA40F31F8ED6A00022718C /* Debug */ = {
			isa = XCBuildConfiguration;
			buildSettings = {
				ASSETCATALOG_COMPILER_APPICON_NAME = AppIcon;
				INFOPLIST_FILE = "MAPD-F2017-Lesson6/Info.plist";
				LD_RUNPATH_SEARCH_PATHS = "$(inherited) @executable_path/Frameworks";
				PRODUCT_BUNDLE_IDENTIFIER = "WeedForge.MAPD-F2017-Lesson6";
				PRODUCT_NAME = "$(TARGET_NAME)";
				SWIFT_VERSION = 3.0;
			};
			name = Debug;
		};
		F8BA40F41F8ED6A00022718C /* Release */ = {
			isa = XCBuildConfiguration;
			buildSettings = {
				ASSETCATALOG_COMPILER_APPICON_NAME = AppIcon;
				INFOPLIST_FILE = "MAPD-F2017-Lesson6/Info.plist";
				LD_RUNPATH_SEARCH_PATHS = "$(inherited) @executable_path/Frameworks";
				PRODUCT_BUNDLE_IDENTIFIER = "WeedForge.MAPD-F2017-Lesson6";
				PRODUCT_NAME = "$(TARGET_NAME)";
				SWIFT_VERSION = 3.0;
			};
			name = Release;
		};
/* End XCBuildConfiguration section */

/* Begin XCConfigurationList section */
		F8BA40DB1F8ED6A00022718C /* Build configuration list for PBXProject "MAPD-F2017-Lesson6" */ = {
			isa = XCConfigurationList;
			buildConfigurations = (
				F8BA40F01F8ED6A00022718C /* Debug */,
				F8BA40F11F8ED6A00022718C /* Release */,
			);
			defaultConfigurationIsVisible = 0;
			defaultConfigurationName = Release;
		};
		F8BA40F21F8ED6A00022718C /* Build configuration list for PBXNativeTarget "MAPD-F2017-Lesson6" */ = {
			isa = XCConfigurationList;
			buildConfigurations = (
				F8BA40F31F8ED6A00022718C /* Debug */,
				F8BA40F41F8ED6A00022718C /* Release */,
			);
			defaultConfigurationIsVisible = 0;
		};
/* End XCConfigurationList section */
	};
	rootObject = F8BA40D81F8ED6A00022718C /* Project object */;
}
